// !$*UTF8*$!
{
	archiveVersion = 1;
	classes = {
	};
	objectVersion = 51;
	objects = {

/* Begin PBXBuildFile section */
		0104ED6024E2A65400162FDE /* LJToastView.swift in Sources */ = {isa = PBXBuildFile; fileRef = 0104ED5F24E2A65400162FDE /* LJToastView.swift */; };
		0104ED6224E2E64B00162FDE /* DispatchQueue.swift in Sources */ = {isa = PBXBuildFile; fileRef = 0104ED6124E2E64B00162FDE /* DispatchQueue.swift */; };
		0104ED6424E438A100162FDE /* LJAlertViewController.swift in Sources */ = {isa = PBXBuildFile; fileRef = 0104ED6324E438A100162FDE /* LJAlertViewController.swift */; };
		0104ED6624E51B3C00162FDE /* MineCollectionViewCell.swift in Sources */ = {isa = PBXBuildFile; fileRef = 0104ED6524E51B3C00162FDE /* MineCollectionViewCell.swift */; };
		013114CD24CA926600B5C969 /* UserModel.swift in Sources */ = {isa = PBXBuildFile; fileRef = 013114CC24CA926600B5C969 /* UserModel.swift */; };
		013114CF24CAC72D00B5C969 /* db.sqlite in Resources */ = {isa = PBXBuildFile; fileRef = 013114CE24CAC72D00B5C969 /* db.sqlite */; };
		013114D224CAF11600B5C969 /* Hanzipen.ttc in Resources */ = {isa = PBXBuildFile; fileRef = 013114D024CAED9600B5C969 /* Hanzipen.ttc */; };
		013114D424CAF29D00B5C969 /* Yuanti.ttc in Resources */ = {isa = PBXBuildFile; fileRef = 013114D324CAF29D00B5C969 /* Yuanti.ttc */; };
		0135EC8124750F5000AF0F32 /* LJBaseViewController.swift in Sources */ = {isa = PBXBuildFile; fileRef = 0135EC8024750F5000AF0F32 /* LJBaseViewController.swift */; };
		0135EC8924752E6C00AF0F32 /* MainTabBarController.swift in Sources */ = {isa = PBXBuildFile; fileRef = 0135EC8824752E6C00AF0F32 /* MainTabBarController.swift */; };
		0135EC8B24761F4000AF0F32 /* LJMainViewController.swift in Sources */ = {isa = PBXBuildFile; fileRef = 0135EC8A24761F4000AF0F32 /* LJMainViewController.swift */; };
		0135EC8D24764AD700AF0F32 /* LJMainTableViewCell.swift in Sources */ = {isa = PBXBuildFile; fileRef = 0135EC8C24764AD700AF0F32 /* LJMainTableViewCell.swift */; };
		0174D9C8246BCA6000390CEF /* AppDelegate.swift in Sources */ = {isa = PBXBuildFile; fileRef = 0174D9C7246BCA6000390CEF /* AppDelegate.swift */; };
		0174D9CA246BCA6000390CEF /* SceneDelegate.swift in Sources */ = {isa = PBXBuildFile; fileRef = 0174D9C9246BCA6000390CEF /* SceneDelegate.swift */; };
		0174D9CC246BCA6000390CEF /* ViewController.swift in Sources */ = {isa = PBXBuildFile; fileRef = 0174D9CB246BCA6000390CEF /* ViewController.swift */; };
		0174D9D1246BCA6300390CEF /* Assets.xcassets in Resources */ = {isa = PBXBuildFile; fileRef = 0174D9D0246BCA6300390CEF /* Assets.xcassets */; };
		0174D9D4246BCA6300390CEF /* LaunchScreen.storyboard in Resources */ = {isa = PBXBuildFile; fileRef = 0174D9D2246BCA6300390CEF /* LaunchScreen.storyboard */; };
		0174D9DC246BCC3A00390CEF /* Defmacro.swift in Sources */ = {isa = PBXBuildFile; fileRef = 0174D9DB246BCC3A00390CEF /* Defmacro.swift */; };
		0174D9E0246BE9ED00390CEF /* LoginViewController.swift in Sources */ = {isa = PBXBuildFile; fileRef = 0174D9DF246BE9ED00390CEF /* LoginViewController.swift */; };
		017EC2D824B454C2003364D5 /* UIViewEx.swift in Sources */ = {isa = PBXBuildFile; fileRef = 017EC2D724B454C2003364D5 /* UIViewEx.swift */; };
		017EC2DA24B5BE3B003364D5 /* LJMainTableFloatView.swift in Sources */ = {isa = PBXBuildFile; fileRef = 017EC2D924B5BE3B003364D5 /* LJMainTableFloatView.swift */; };
		017EC2E524BC3E29003364D5 /* LJMainCollectionViewCell.swift in Sources */ = {isa = PBXBuildFile; fileRef = 017EC2E424BC3E29003364D5 /* LJMainCollectionViewCell.swift */; };
		0180B80324D3F9E400128A5D /* PlayDiceViewController.swift in Sources */ = {isa = PBXBuildFile; fileRef = 0180B80224D3F9E400128A5D /* PlayDiceViewController.swift */; };
		0180B80524D416AE00128A5D /* MineViewController.swift in Sources */ = {isa = PBXBuildFile; fileRef = 0180B80424D416AE00128A5D /* MineViewController.swift */; };
		0180B80724D7E59300128A5D /* LJMainTabBarViewController.swift in Sources */ = {isa = PBXBuildFile; fileRef = 0180B80624D7E59300128A5D /* LJMainTabBarViewController.swift */; };
		0180B80924D7E5BB00128A5D /* LJTabbarView.swift in Sources */ = {isa = PBXBuildFile; fileRef = 0180B80824D7E5BB00128A5D /* LJTabbarView.swift */; };
		0182A89F24C5743000D691A3 /* LJMainTableColVCell.swift in Sources */ = {isa = PBXBuildFile; fileRef = 0182A89E24C5743000D691A3 /* LJMainTableColVCell.swift */; };
		0182A8A124C6921B00D691A3 /* LJPushTransitionAnimator.swift in Sources */ = {isa = PBXBuildFile; fileRef = 0182A8A024C6921B00D691A3 /* LJPushTransitionAnimator.swift */; };
		0182A8A324C6BFBF00D691A3 /* UIImageEx.swift in Sources */ = {isa = PBXBuildFile; fileRef = 0182A8A224C6BFBF00D691A3 /* UIImageEx.swift */; };
		0182A8A524C6C94000D691A3 /* LJPopTransitionAnimator.swift in Sources */ = {isa = PBXBuildFile; fileRef = 0182A8A424C6C94000D691A3 /* LJPopTransitionAnimator.swift */; };
		0182A8A724C6CCEC00D691A3 /* LJPopInteractiveTransitioning.swift in Sources */ = {isa = PBXBuildFile; fileRef = 0182A8A624C6CCEC00D691A3 /* LJPopInteractiveTransitioning.swift */; };
		0182A8A924C7E6A700D691A3 /* LJNavigationBar.swift in Sources */ = {isa = PBXBuildFile; fileRef = 0182A8A824C7E6A700D691A3 /* LJNavigationBar.swift */; };
		0182A8B124C936DE00D691A3 /* WordModel.swift in Sources */ = {isa = PBXBuildFile; fileRef = 0182A8B024C936DE00D691A3 /* WordModel.swift */; };
		0182A8B324C93FEA00D691A3 /* SQLManager.swift in Sources */ = {isa = PBXBuildFile; fileRef = 0182A8B224C93FEA00D691A3 /* SQLManager.swift */; };
		0182A8B524C9428600D691A3 /* SystemConfiguration.framework in Frameworks */ = {isa = PBXBuildFile; fileRef = 0182A8B424C9428500D691A3 /* SystemConfiguration.framework */; };
		0182A8B824C964CD00D691A3 /* SearchWordViewController.swift in Sources */ = {isa = PBXBuildFile; fileRef = 0182A8B724C964CD00D691A3 /* SearchWordViewController.swift */; };
		0182A8BB24C9667E00D691A3 /* SearchWordTbCell.swift in Sources */ = {isa = PBXBuildFile; fileRef = 0182A8BA24C9667E00D691A3 /* SearchWordTbCell.swift */; };
		01895D6024CE6C71001551C7 /* LJMainAnimationViewController.swift in Sources */ = {isa = PBXBuildFile; fileRef = 01895D5F24CE6C71001551C7 /* LJMainAnimationViewController.swift */; };
		01895D6224CE7B14001551C7 /* LearnNewWordViewController.swift in Sources */ = {isa = PBXBuildFile; fileRef = 01895D6124CE7B14001551C7 /* LearnNewWordViewController.swift */; };
		01895D6424CEAD5F001551C7 /* LJCycleProgressView.swift in Sources */ = {isa = PBXBuildFile; fileRef = 01895D6324CEAD5F001551C7 /* LJCycleProgressView.swift */; };
		01895D6624CFBE75001551C7 /* LJSpeechManager.swift in Sources */ = {isa = PBXBuildFile; fileRef = 01895D6524CFBE75001551C7 /* LJSpeechManager.swift */; };
		01895D6C24D00532001551C7 /* ReviewWordsViewController.swift in Sources */ = {isa = PBXBuildFile; fileRef = 01895D6B24D00532001551C7 /* ReviewWordsViewController.swift */; };
		01895D6E24D018EF001551C7 /* LJImageTextViewController.swift in Sources */ = {isa = PBXBuildFile; fileRef = 01895D6D24D018EF001551C7 /* LJImageTextViewController.swift */; };
		01895D7024D01A43001551C7 /* UIViewControllerEx.swift in Sources */ = {isa = PBXBuildFile; fileRef = 01895D6F24D01A43001551C7 /* UIViewControllerEx.swift */; };
		018DBD2E24EBB7460011D017 /* WordsBookViewController.swift in Sources */ = {isa = PBXBuildFile; fileRef = 018DBD2D24EBB7460011D017 /* WordsBookViewController.swift */; };
		018DBD3024EBB7C00011D017 /* WordsTableViewCell.swift in Sources */ = {isa = PBXBuildFile; fileRef = 018DBD2F24EBB7C00011D017 /* WordsTableViewCell.swift */; };
		018DBD3224ECE7580011D017 /* PronunciationViewController.swift in Sources */ = {isa = PBXBuildFile; fileRef = 018DBD3124ECE7580011D017 /* PronunciationViewController.swift */; };
		018DBD3424ECF2C50011D017 /* PronunciationModel.swift in Sources */ = {isa = PBXBuildFile; fileRef = 018DBD3324ECF2C50011D017 /* PronunciationModel.swift */; };
		018DBD3624ECF7D20011D017 /* PronunciationCollectionViewCell.swift in Sources */ = {isa = PBXBuildFile; fileRef = 018DBD3524ECF7D20011D017 /* PronunciationCollectionViewCell.swift */; };
		018DBD3824ED1B4C0011D017 /* PronunciationSegmentView.swift in Sources */ = {isa = PBXBuildFile; fileRef = 018DBD3724ED1B4C0011D017 /* PronunciationSegmentView.swift */; };
		018DBD3A24ED24100011D017 /* PronunciationPreviewView.swift in Sources */ = {isa = PBXBuildFile; fileRef = 018DBD3924ED24100011D017 /* PronunciationPreviewView.swift */; };
		01958D7E24F258F5000D4593 /* WordsPreview.swift in Sources */ = {isa = PBXBuildFile; fileRef = 01958D7D24F258F5000D4593 /* WordsPreview.swift */; };
		01958D8024F27D8F000D4593 /* SpellViewController.swift in Sources */ = {isa = PBXBuildFile; fileRef = 01958D7F24F27D8F000D4593 /* SpellViewController.swift */; };
		01C7419924A98F7400DC5996 /* MakingPlanViewController.swift in Sources */ = {isa = PBXBuildFile; fileRef = 01C7419824A98F7400DC5996 /* MakingPlanViewController.swift */; };
		01D67E0B247655EE00319B3E /* LJMainTableHeaderView.swift in Sources */ = {isa = PBXBuildFile; fileRef = 01D67E0A247655EE00319B3E /* LJMainTableHeaderView.swift */; };
		19C144AF2976B4F72E34FDEA /* Pods_LearnJapanese.framework in Frameworks */ = {isa = PBXBuildFile; fileRef = 8397573D4FB5120421BA66F9 /* Pods_LearnJapanese.framework */; };
/* End PBXBuildFile section */

/* Begin PBXFileReference section */
		0104ED5F24E2A65400162FDE /* LJToastView.swift */ = {isa = PBXFileReference; lastKnownFileType = sourcecode.swift; path = LJToastView.swift; sourceTree = "<group>"; };
		0104ED6124E2E64B00162FDE /* DispatchQueue.swift */ = {isa = PBXFileReference; lastKnownFileType = sourcecode.swift; path = DispatchQueue.swift; sourceTree = "<group>"; };
		0104ED6324E438A100162FDE /* LJAlertViewController.swift */ = {isa = PBXFileReference; lastKnownFileType = sourcecode.swift; path = LJAlertViewController.swift; sourceTree = "<group>"; };
		0104ED6524E51B3C00162FDE /* MineCollectionViewCell.swift */ = {isa = PBXFileReference; lastKnownFileType = sourcecode.swift; path = MineCollectionViewCell.swift; sourceTree = "<group>"; };
		013114CC24CA926600B5C969 /* UserModel.swift */ = {isa = PBXFileReference; lastKnownFileType = sourcecode.swift; path = UserModel.swift; sourceTree = "<group>"; };
		013114CE24CAC72D00B5C969 /* db.sqlite */ = {isa = PBXFileReference; lastKnownFileType = file; path = db.sqlite; sourceTree = "<group>"; };
		013114D024CAED9600B5C969 /* Hanzipen.ttc */ = {isa = PBXFileReference; lastKnownFileType = file; path = Hanzipen.ttc; sourceTree = "<group>"; };
		013114D324CAF29D00B5C969 /* Yuanti.ttc */ = {isa = PBXFileReference; lastKnownFileType = file; path = Yuanti.ttc; sourceTree = "<group>"; };
		0135EC8024750F5000AF0F32 /* LJBaseViewController.swift */ = {isa = PBXFileReference; lastKnownFileType = sourcecode.swift; path = LJBaseViewController.swift; sourceTree = "<group>"; };
		0135EC8824752E6C00AF0F32 /* MainTabBarController.swift */ = {isa = PBXFileReference; lastKnownFileType = sourcecode.swift; path = MainTabBarController.swift; sourceTree = "<group>"; };
		0135EC8A24761F4000AF0F32 /* LJMainViewController.swift */ = {isa = PBXFileReference; lastKnownFileType = sourcecode.swift; path = LJMainViewController.swift; sourceTree = "<group>"; };
		0135EC8C24764AD700AF0F32 /* LJMainTableViewCell.swift */ = {isa = PBXFileReference; lastKnownFileType = sourcecode.swift; path = LJMainTableViewCell.swift; sourceTree = "<group>"; };
		0174D9C4246BCA6000390CEF /* LearnJapanese.app */ = {isa = PBXFileReference; explicitFileType = wrapper.application; includeInIndex = 0; path = LearnJapanese.app; sourceTree = BUILT_PRODUCTS_DIR; };
		0174D9C7246BCA6000390CEF /* AppDelegate.swift */ = {isa = PBXFileReference; lastKnownFileType = sourcecode.swift; path = AppDelegate.swift; sourceTree = "<group>"; };
		0174D9C9246BCA6000390CEF /* SceneDelegate.swift */ = {isa = PBXFileReference; lastKnownFileType = sourcecode.swift; path = SceneDelegate.swift; sourceTree = "<group>"; };
		0174D9CB246BCA6000390CEF /* ViewController.swift */ = {isa = PBXFileReference; lastKnownFileType = sourcecode.swift; path = ViewController.swift; sourceTree = "<group>"; };
		0174D9D0246BCA6300390CEF /* Assets.xcassets */ = {isa = PBXFileReference; lastKnownFileType = folder.assetcatalog; path = Assets.xcassets; sourceTree = "<group>"; };
		0174D9D3246BCA6300390CEF /* Base */ = {isa = PBXFileReference; lastKnownFileType = file.storyboard; name = Base; path = Base.lproj/LaunchScreen.storyboard; sourceTree = "<group>"; };
		0174D9D5246BCA6300390CEF /* Info.plist */ = {isa = PBXFileReference; lastKnownFileType = text.plist.xml; path = Info.plist; sourceTree = "<group>"; };
		0174D9DB246BCC3A00390CEF /* Defmacro.swift */ = {isa = PBXFileReference; fileEncoding = 4; lastKnownFileType = sourcecode.swift; path = Defmacro.swift; sourceTree = "<group>"; };
		0174D9DF246BE9ED00390CEF /* LoginViewController.swift */ = {isa = PBXFileReference; lastKnownFileType = sourcecode.swift; path = LoginViewController.swift; sourceTree = "<group>"; };
		017EC2D724B454C2003364D5 /* UIViewEx.swift */ = {isa = PBXFileReference; lastKnownFileType = sourcecode.swift; path = UIViewEx.swift; sourceTree = "<group>"; };
		017EC2D924B5BE3B003364D5 /* LJMainTableFloatView.swift */ = {isa = PBXFileReference; lastKnownFileType = sourcecode.swift; path = LJMainTableFloatView.swift; sourceTree = "<group>"; };
		017EC2E424BC3E29003364D5 /* LJMainCollectionViewCell.swift */ = {isa = PBXFileReference; lastKnownFileType = sourcecode.swift; path = LJMainCollectionViewCell.swift; sourceTree = "<group>"; };
		0180B80224D3F9E400128A5D /* PlayDiceViewController.swift */ = {isa = PBXFileReference; lastKnownFileType = sourcecode.swift; path = PlayDiceViewController.swift; sourceTree = "<group>"; };
		0180B80424D416AE00128A5D /* MineViewController.swift */ = {isa = PBXFileReference; lastKnownFileType = sourcecode.swift; path = MineViewController.swift; sourceTree = "<group>"; };
		0180B80624D7E59300128A5D /* LJMainTabBarViewController.swift */ = {isa = PBXFileReference; lastKnownFileType = sourcecode.swift; path = LJMainTabBarViewController.swift; sourceTree = "<group>"; };
		0180B80824D7E5BB00128A5D /* LJTabbarView.swift */ = {isa = PBXFileReference; lastKnownFileType = sourcecode.swift; path = LJTabbarView.swift; sourceTree = "<group>"; };
		0182A89E24C5743000D691A3 /* LJMainTableColVCell.swift */ = {isa = PBXFileReference; lastKnownFileType = sourcecode.swift; path = LJMainTableColVCell.swift; sourceTree = "<group>"; };
		0182A8A024C6921B00D691A3 /* LJPushTransitionAnimator.swift */ = {isa = PBXFileReference; lastKnownFileType = sourcecode.swift; path = LJPushTransitionAnimator.swift; sourceTree = "<group>"; };
		0182A8A224C6BFBF00D691A3 /* UIImageEx.swift */ = {isa = PBXFileReference; lastKnownFileType = sourcecode.swift; path = UIImageEx.swift; sourceTree = "<group>"; };
		0182A8A424C6C94000D691A3 /* LJPopTransitionAnimator.swift */ = {isa = PBXFileReference; lastKnownFileType = sourcecode.swift; path = LJPopTransitionAnimator.swift; sourceTree = "<group>"; };
		0182A8A624C6CCEC00D691A3 /* LJPopInteractiveTransitioning.swift */ = {isa = PBXFileReference; lastKnownFileType = sourcecode.swift; path = LJPopInteractiveTransitioning.swift; sourceTree = "<group>"; };
		0182A8A824C7E6A700D691A3 /* LJNavigationBar.swift */ = {isa = PBXFileReference; lastKnownFileType = sourcecode.swift; path = LJNavigationBar.swift; sourceTree = "<group>"; };
		0182A8B024C936DE00D691A3 /* WordModel.swift */ = {isa = PBXFileReference; lastKnownFileType = sourcecode.swift; path = WordModel.swift; sourceTree = "<group>"; };
		0182A8B224C93FEA00D691A3 /* SQLManager.swift */ = {isa = PBXFileReference; lastKnownFileType = sourcecode.swift; path = SQLManager.swift; sourceTree = "<group>"; };
		0182A8B424C9428500D691A3 /* SystemConfiguration.framework */ = {isa = PBXFileReference; lastKnownFileType = wrapper.framework; name = SystemConfiguration.framework; path = System/Library/Frameworks/SystemConfiguration.framework; sourceTree = SDKROOT; };
		0182A8B724C964CD00D691A3 /* SearchWordViewController.swift */ = {isa = PBXFileReference; lastKnownFileType = sourcecode.swift; path = SearchWordViewController.swift; sourceTree = "<group>"; };
		0182A8BA24C9667E00D691A3 /* SearchWordTbCell.swift */ = {isa = PBXFileReference; lastKnownFileType = sourcecode.swift; path = SearchWordTbCell.swift; sourceTree = "<group>"; };
		01895D5F24CE6C71001551C7 /* LJMainAnimationViewController.swift */ = {isa = PBXFileReference; lastKnownFileType = sourcecode.swift; path = LJMainAnimationViewController.swift; sourceTree = "<group>"; };
		01895D6124CE7B14001551C7 /* LearnNewWordViewController.swift */ = {isa = PBXFileReference; lastKnownFileType = sourcecode.swift; path = LearnNewWordViewController.swift; sourceTree = "<group>"; };
		01895D6324CEAD5F001551C7 /* LJCycleProgressView.swift */ = {isa = PBXFileReference; lastKnownFileType = sourcecode.swift; path = LJCycleProgressView.swift; sourceTree = "<group>"; };
		01895D6524CFBE75001551C7 /* LJSpeechManager.swift */ = {isa = PBXFileReference; lastKnownFileType = sourcecode.swift; path = LJSpeechManager.swift; sourceTree = "<group>"; };
		01895D6B24D00532001551C7 /* ReviewWordsViewController.swift */ = {isa = PBXFileReference; lastKnownFileType = sourcecode.swift; path = ReviewWordsViewController.swift; sourceTree = "<group>"; };
		01895D6D24D018EF001551C7 /* LJImageTextViewController.swift */ = {isa = PBXFileReference; lastKnownFileType = sourcecode.swift; path = LJImageTextViewController.swift; sourceTree = "<group>"; };
		01895D6F24D01A43001551C7 /* UIViewControllerEx.swift */ = {isa = PBXFileReference; lastKnownFileType = sourcecode.swift; path = UIViewControllerEx.swift; sourceTree = "<group>"; };
		018DBD2D24EBB7460011D017 /* WordsBookViewController.swift */ = {isa = PBXFileReference; lastKnownFileType = sourcecode.swift; path = WordsBookViewController.swift; sourceTree = "<group>"; };
		018DBD2F24EBB7C00011D017 /* WordsTableViewCell.swift */ = {isa = PBXFileReference; lastKnownFileType = sourcecode.swift; path = WordsTableViewCell.swift; sourceTree = "<group>"; };
		018DBD3124ECE7580011D017 /* PronunciationViewController.swift */ = {isa = PBXFileReference; lastKnownFileType = sourcecode.swift; path = PronunciationViewController.swift; sourceTree = "<group>"; };
		018DBD3324ECF2C50011D017 /* PronunciationModel.swift */ = {isa = PBXFileReference; lastKnownFileType = sourcecode.swift; path = PronunciationModel.swift; sourceTree = "<group>"; };
		018DBD3524ECF7D20011D017 /* PronunciationCollectionViewCell.swift */ = {isa = PBXFileReference; lastKnownFileType = sourcecode.swift; path = PronunciationCollectionViewCell.swift; sourceTree = "<group>"; };
		018DBD3724ED1B4C0011D017 /* PronunciationSegmentView.swift */ = {isa = PBXFileReference; lastKnownFileType = sourcecode.swift; path = PronunciationSegmentView.swift; sourceTree = "<group>"; };
		018DBD3924ED24100011D017 /* PronunciationPreviewView.swift */ = {isa = PBXFileReference; lastKnownFileType = sourcecode.swift; path = PronunciationPreviewView.swift; sourceTree = "<group>"; };
		01958D7D24F258F5000D4593 /* WordsPreview.swift */ = {isa = PBXFileReference; lastKnownFileType = sourcecode.swift; path = WordsPreview.swift; sourceTree = "<group>"; };
		01958D7F24F27D8F000D4593 /* SpellViewController.swift */ = {isa = PBXFileReference; lastKnownFileType = sourcecode.swift; path = SpellViewController.swift; sourceTree = "<group>"; };
		01C7419824A98F7400DC5996 /* MakingPlanViewController.swift */ = {isa = PBXFileReference; lastKnownFileType = sourcecode.swift; path = MakingPlanViewController.swift; sourceTree = "<group>"; };
		01D67E0A247655EE00319B3E /* LJMainTableHeaderView.swift */ = {isa = PBXFileReference; lastKnownFileType = sourcecode.swift; path = LJMainTableHeaderView.swift; sourceTree = "<group>"; };
		0F107955AFD77AC2F031B008 /* Pods-LearnJapanese.debug.xcconfig */ = {isa = PBXFileReference; includeInIndex = 1; lastKnownFileType = text.xcconfig; name = "Pods-LearnJapanese.debug.xcconfig"; path = "Target Support Files/Pods-LearnJapanese/Pods-LearnJapanese.debug.xcconfig"; sourceTree = "<group>"; };
		3B6A328D17325D63333C25C6 /* Pods-LearnJapanese.release.xcconfig */ = {isa = PBXFileReference; includeInIndex = 1; lastKnownFileType = text.xcconfig; name = "Pods-LearnJapanese.release.xcconfig"; path = "Target Support Files/Pods-LearnJapanese/Pods-LearnJapanese.release.xcconfig"; sourceTree = "<group>"; };
		8397573D4FB5120421BA66F9 /* Pods_LearnJapanese.framework */ = {isa = PBXFileReference; explicitFileType = wrapper.framework; includeInIndex = 0; path = Pods_LearnJapanese.framework; sourceTree = BUILT_PRODUCTS_DIR; };
/* End PBXFileReference section */

/* Begin PBXFrameworksBuildPhase section */
		0174D9C1246BCA6000390CEF /* Frameworks */ = {
			isa = PBXFrameworksBuildPhase;
			buildActionMask = 2147483647;
			files = (
				0182A8B524C9428600D691A3 /* SystemConfiguration.framework in Frameworks */,
				19C144AF2976B4F72E34FDEA /* Pods_LearnJapanese.framework in Frameworks */,
			);
			runOnlyForDeploymentPostprocessing = 0;
		};
/* End PBXFrameworksBuildPhase section */

/* Begin PBXGroup section */
		0135EC7E24726C2100AF0F32 /* Main */ = {
			isa = PBXGroup;
			children = (
				0135EC8E24764ADD00AF0F32 /* Views */,
				0135EC8A24761F4000AF0F32 /* LJMainViewController.swift */,
				0180B80424D416AE00128A5D /* MineViewController.swift */,
				018DBD2D24EBB7460011D017 /* WordsBookViewController.swift */,
				018DBD3124ECE7580011D017 /* PronunciationViewController.swift */,
			);
			path = Main;
			sourceTree = "<group>";
		};
		0135EC7F24750F2F00AF0F32 /* Base */ = {
			isa = PBXGroup;
			children = (
				0135EC8024750F5000AF0F32 /* LJBaseViewController.swift */,
				0174D9DB246BCC3A00390CEF /* Defmacro.swift */,
				017EC2D724B454C2003364D5 /* UIViewEx.swift */,
				0182A8A224C6BFBF00D691A3 /* UIImageEx.swift */,
				0182A8A024C6921B00D691A3 /* LJPushTransitionAnimator.swift */,
				0182A8A424C6C94000D691A3 /* LJPopTransitionAnimator.swift */,
				0182A8A624C6CCEC00D691A3 /* LJPopInteractiveTransitioning.swift */,
				0182A8A824C7E6A700D691A3 /* LJNavigationBar.swift */,
				01895D5F24CE6C71001551C7 /* LJMainAnimationViewController.swift */,
				01895D6324CEAD5F001551C7 /* LJCycleProgressView.swift */,
				01895D6524CFBE75001551C7 /* LJSpeechManager.swift */,
				01895D6F24D01A43001551C7 /* UIViewControllerEx.swift */,
				0104ED5F24E2A65400162FDE /* LJToastView.swift */,
				0104ED6124E2E64B00162FDE /* DispatchQueue.swift */,
				0104ED6324E438A100162FDE /* LJAlertViewController.swift */,
			);
			path = Base;
			sourceTree = "<group>";
		};
		0135EC8E24764ADD00AF0F32 /* Views */ = {
			isa = PBXGroup;
			children = (
				0135EC8C24764AD700AF0F32 /* LJMainTableViewCell.swift */,
				01D67E0A247655EE00319B3E /* LJMainTableHeaderView.swift */,
				017EC2D924B5BE3B003364D5 /* LJMainTableFloatView.swift */,
				017EC2E424BC3E29003364D5 /* LJMainCollectionViewCell.swift */,
				0182A89E24C5743000D691A3 /* LJMainTableColVCell.swift */,
				0104ED6524E51B3C00162FDE /* MineCollectionViewCell.swift */,
				018DBD2F24EBB7C00011D017 /* WordsTableViewCell.swift */,
				018DBD3524ECF7D20011D017 /* PronunciationCollectionViewCell.swift */,
				018DBD3724ED1B4C0011D017 /* PronunciationSegmentView.swift */,
				018DBD3924ED24100011D017 /* PronunciationPreviewView.swift */,
			);
			path = Views;
			sourceTree = "<group>";
		};
		0174D9BB246BCA6000390CEF = {
			isa = PBXGroup;
			children = (
				013114D324CAF29D00B5C969 /* Yuanti.ttc */,
				013114D024CAED9600B5C969 /* Hanzipen.ttc */,
				0174D9C6246BCA6000390CEF /* LearnJapanese */,
				0174D9C5246BCA6000390CEF /* Products */,
				3C5CD1C7018AF47AD9DCE5A5 /* Pods */,
				887AC4984713E6F1CC8A7BC1 /* Frameworks */,
			);
			sourceTree = "<group>";
		};
		0174D9C5246BCA6000390CEF /* Products */ = {
			isa = PBXGroup;
			children = (
				0174D9C4246BCA6000390CEF /* LearnJapanese.app */,
			);
			name = Products;
			sourceTree = "<group>";
		};
		0174D9C6246BCA6000390CEF /* LearnJapanese */ = {
			isa = PBXGroup;
			children = (
				0182A8AF24C936B000D691A3 /* Models */,
				0182A8AA24C8488800D691A3 /* Resource */,
				0174D9DD246BE30700390CEF /* InterFace */,
				0135EC8824752E6C00AF0F32 /* MainTabBarController.swift */,
				0174D9D5246BCA6300390CEF /* Info.plist */,
				0174D9C7246BCA6000390CEF /* AppDelegate.swift */,
				0174D9C9246BCA6000390CEF /* SceneDelegate.swift */,
				0174D9D2246BCA6300390CEF /* LaunchScreen.storyboard */,
				0182A8B224C93FEA00D691A3 /* SQLManager.swift */,
				0180B80824D7E5BB00128A5D /* LJTabbarView.swift */,
				0180B80624D7E59300128A5D /* LJMainTabBarViewController.swift */,
			);
			path = LearnJapanese;
			sourceTree = "<group>";
		};
		0174D9DD246BE30700390CEF /* InterFace */ = {
			isa = PBXGroup;
			children = (
				0182A8B624C9647900D691A3 /* Dictionary */,
				01C7419724A98F5000DC5996 /* MainInner */,
				0135EC7F24750F2F00AF0F32 /* Base */,
				0135EC7E24726C2100AF0F32 /* Main */,
				0174D9DE246BE31B00390CEF /* Login */,
			);
			path = InterFace;
			sourceTree = "<group>";
		};
		0174D9DE246BE31B00390CEF /* Login */ = {
			isa = PBXGroup;
			children = (
				0174D9CB246BCA6000390CEF /* ViewController.swift */,
				0174D9DF246BE9ED00390CEF /* LoginViewController.swift */,
			);
			path = Login;
			sourceTree = "<group>";
		};
		0182A8AA24C8488800D691A3 /* Resource */ = {
			isa = PBXGroup;
			children = (
				013114CE24CAC72D00B5C969 /* db.sqlite */,
				0174D9D0246BCA6300390CEF /* Assets.xcassets */,
			);
			path = Resource;
			sourceTree = "<group>";
		};
		0182A8AF24C936B000D691A3 /* Models */ = {
			isa = PBXGroup;
			children = (
				0182A8B024C936DE00D691A3 /* WordModel.swift */,
				013114CC24CA926600B5C969 /* UserModel.swift */,
				018DBD3324ECF2C50011D017 /* PronunciationModel.swift */,
			);
			path = Models;
			sourceTree = "<group>";
		};
		0182A8B624C9647900D691A3 /* Dictionary */ = {
			isa = PBXGroup;
			children = (
				0182A8B924C9664E00D691A3 /* Views */,
				0182A8B724C964CD00D691A3 /* SearchWordViewController.swift */,
			);
			path = Dictionary;
			sourceTree = "<group>";
		};
		0182A8B924C9664E00D691A3 /* Views */ = {
			isa = PBXGroup;
			children = (
				0182A8BA24C9667E00D691A3 /* SearchWordTbCell.swift */,
				01958D7D24F258F5000D4593 /* WordsPreview.swift */,
			);
			path = Views;
			sourceTree = "<group>";
		};
		01C7419724A98F5000DC5996 /* MainInner */ = {
			isa = PBXGroup;
			children = (
				01C7419824A98F7400DC5996 /* MakingPlanViewController.swift */,
				01895D6124CE7B14001551C7 /* LearnNewWordViewController.swift */,
				01895D6B24D00532001551C7 /* ReviewWordsViewController.swift */,
				01895D6D24D018EF001551C7 /* LJImageTextViewController.swift */,
				0180B80224D3F9E400128A5D /* PlayDiceViewController.swift */,
				01958D7F24F27D8F000D4593 /* SpellViewController.swift */,
			);
			path = MainInner;
			sourceTree = "<group>";
		};
		3C5CD1C7018AF47AD9DCE5A5 /* Pods */ = {
			isa = PBXGroup;
			children = (
				0F107955AFD77AC2F031B008 /* Pods-LearnJapanese.debug.xcconfig */,
				3B6A328D17325D63333C25C6 /* Pods-LearnJapanese.release.xcconfig */,
			);
			path = Pods;
			sourceTree = "<group>";
		};
		887AC4984713E6F1CC8A7BC1 /* Frameworks */ = {
			isa = PBXGroup;
			children = (
				0182A8B424C9428500D691A3 /* SystemConfiguration.framework */,
				8397573D4FB5120421BA66F9 /* Pods_LearnJapanese.framework */,
			);
			name = Frameworks;
			sourceTree = "<group>";
		};
/* End PBXGroup section */

/* Begin PBXNativeTarget section */
		0174D9C3246BCA6000390CEF /* LearnJapanese */ = {
			isa = PBXNativeTarget;
			buildConfigurationList = 0174D9D8246BCA6300390CEF /* Build configuration list for PBXNativeTarget "LearnJapanese" */;
			buildPhases = (
				C89B0E29E9FED48363EBCE7C /* [CP] Check Pods Manifest.lock */,
				0174D9C0246BCA6000390CEF /* Sources */,
				0174D9C1246BCA6000390CEF /* Frameworks */,
				0174D9C2246BCA6000390CEF /* Resources */,
				7F8EF19B09218704B8879B46 /* [CP] Embed Pods Frameworks */,
			);
			buildRules = (
			);
			dependencies = (
			);
			name = LearnJapanese;
			productName = LearnJapanese;
			productReference = 0174D9C4246BCA6000390CEF /* LearnJapanese.app */;
			productType = "com.apple.product-type.application";
		};
/* End PBXNativeTarget section */

/* Begin PBXProject section */
		0174D9BC246BCA6000390CEF /* Project object */ = {
			isa = PBXProject;
			attributes = {
				LastSwiftUpdateCheck = 1140;
				LastUpgradeCheck = 1140;
				ORGANIZATIONNAME = "唐星宇";
				TargetAttributes = {
					0174D9C3246BCA6000390CEF = {
						CreatedOnToolsVersion = 11.4.1;
					};
				};
			};
			buildConfigurationList = 0174D9BF246BCA6000390CEF /* Build configuration list for PBXProject "LearnJapanese" */;
			compatibilityVersion = "Xcode 9.3";
			developmentRegion = en;
			hasScannedForEncodings = 0;
			knownRegions = (
				en,
				Base,
			);
			mainGroup = 0174D9BB246BCA6000390CEF;
			productRefGroup = 0174D9C5246BCA6000390CEF /* Products */;
			projectDirPath = "";
			projectRoot = "";
			targets = (
				0174D9C3246BCA6000390CEF /* LearnJapanese */,
			);
		};
/* End PBXProject section */

/* Begin PBXResourcesBuildPhase section */
		0174D9C2246BCA6000390CEF /* Resources */ = {
			isa = PBXResourcesBuildPhase;
			buildActionMask = 2147483647;
			files = (
				013114D224CAF11600B5C969 /* Hanzipen.ttc in Resources */,
				0174D9D4246BCA6300390CEF /* LaunchScreen.storyboard in Resources */,
				0174D9D1246BCA6300390CEF /* Assets.xcassets in Resources */,
				013114D424CAF29D00B5C969 /* Yuanti.ttc in Resources */,
				013114CF24CAC72D00B5C969 /* db.sqlite in Resources */,
			);
			runOnlyForDeploymentPostprocessing = 0;
		};
/* End PBXResourcesBuildPhase section */

/* Begin PBXShellScriptBuildPhase section */
		7F8EF19B09218704B8879B46 /* [CP] Embed Pods Frameworks */ = {
			isa = PBXShellScriptBuildPhase;
			buildActionMask = 2147483647;
			files = (
			);
			inputFileListPaths = (
				"${PODS_ROOT}/Target Support Files/Pods-LearnJapanese/Pods-LearnJapanese-frameworks-${CONFIGURATION}-input-files.xcfilelist",
			);
			name = "[CP] Embed Pods Frameworks";
			outputFileListPaths = (
				"${PODS_ROOT}/Target Support Files/Pods-LearnJapanese/Pods-LearnJapanese-frameworks-${CONFIGURATION}-output-files.xcfilelist",
			);
			runOnlyForDeploymentPostprocessing = 0;
			shellPath = /bin/sh;
			shellScript = "\"${PODS_ROOT}/Target Support Files/Pods-LearnJapanese/Pods-LearnJapanese-frameworks.sh\"\n";
			showEnvVarsInLog = 0;
		};
		C89B0E29E9FED48363EBCE7C /* [CP] Check Pods Manifest.lock */ = {
			isa = PBXShellScriptBuildPhase;
			buildActionMask = 2147483647;
			files = (
			);
			inputFileListPaths = (
			);
			inputPaths = (
				"${PODS_PODFILE_DIR_PATH}/Podfile.lock",
				"${PODS_ROOT}/Manifest.lock",
			);
			name = "[CP] Check Pods Manifest.lock";
			outputFileListPaths = (
			);
			outputPaths = (
				"$(DERIVED_FILE_DIR)/Pods-LearnJapanese-checkManifestLockResult.txt",
			);
			runOnlyForDeploymentPostprocessing = 0;
			shellPath = /bin/sh;
			shellScript = "diff \"${PODS_PODFILE_DIR_PATH}/Podfile.lock\" \"${PODS_ROOT}/Manifest.lock\" > /dev/null\nif [ $? != 0 ] ; then\n    # print error to STDERR\n    echo \"error: The sandbox is not in sync with the Podfile.lock. Run 'pod install' or update your CocoaPods installation.\" >&2\n    exit 1\nfi\n# This output is used by Xcode 'outputs' to avoid re-running this script phase.\necho \"SUCCESS\" > \"${SCRIPT_OUTPUT_FILE_0}\"\n";
			showEnvVarsInLog = 0;
		};
/* End PBXShellScriptBuildPhase section */

/* Begin PBXSourcesBuildPhase section */
		0174D9C0246BCA6000390CEF /* Sources */ = {
			isa = PBXSourcesBuildPhase;
			buildActionMask = 2147483647;
			files = (
				01895D7024D01A43001551C7 /* UIViewControllerEx.swift in Sources */,
				0174D9CC246BCA6000390CEF /* ViewController.swift in Sources */,
				0182A8B124C936DE00D691A3 /* WordModel.swift in Sources */,
				0182A8A924C7E6A700D691A3 /* LJNavigationBar.swift in Sources */,
				01895D6624CFBE75001551C7 /* LJSpeechManager.swift in Sources */,
				0174D9C8246BCA6000390CEF /* AppDelegate.swift in Sources */,
				0182A8A724C6CCEC00D691A3 /* LJPopInteractiveTransitioning.swift in Sources */,
				018DBD3024EBB7C00011D017 /* WordsTableViewCell.swift in Sources */,
				01895D6024CE6C71001551C7 /* LJMainAnimationViewController.swift in Sources */,
				0182A8A324C6BFBF00D691A3 /* UIImageEx.swift in Sources */,
				0135EC8D24764AD700AF0F32 /* LJMainTableViewCell.swift in Sources */,
				0104ED6224E2E64B00162FDE /* DispatchQueue.swift in Sources */,
				0174D9DC246BCC3A00390CEF /* Defmacro.swift in Sources */,
				018DBD3224ECE7580011D017 /* PronunciationViewController.swift in Sources */,
				0135EC8924752E6C00AF0F32 /* MainTabBarController.swift in Sources */,
				01C7419924A98F7400DC5996 /* MakingPlanViewController.swift in Sources */,
				01D67E0B247655EE00319B3E /* LJMainTableHeaderView.swift in Sources */,
				018DBD3424ECF2C50011D017 /* PronunciationModel.swift in Sources */,
				0180B80324D3F9E400128A5D /* PlayDiceViewController.swift in Sources */,
				01895D6224CE7B14001551C7 /* LearnNewWordViewController.swift in Sources */,
				0182A8BB24C9667E00D691A3 /* SearchWordTbCell.swift in Sources */,
				0182A8B824C964CD00D691A3 /* SearchWordViewController.swift in Sources */,
				0180B80924D7E5BB00128A5D /* LJTabbarView.swift in Sources */,
				0104ED6024E2A65400162FDE /* LJToastView.swift in Sources */,
				018DBD3624ECF7D20011D017 /* PronunciationCollectionViewCell.swift in Sources */,
				018DBD2E24EBB7460011D017 /* WordsBookViewController.swift in Sources */,
				0174D9E0246BE9ED00390CEF /* LoginViewController.swift in Sources */,
				0174D9CA246BCA6000390CEF /* SceneDelegate.swift in Sources */,
				0182A8B324C93FEA00D691A3 /* SQLManager.swift in Sources */,
				01958D8024F27D8F000D4593 /* SpellViewController.swift in Sources */,
				01895D6424CEAD5F001551C7 /* LJCycleProgressView.swift in Sources */,
				0180B80724D7E59300128A5D /* LJMainTabBarViewController.swift in Sources */,
				0135EC8124750F5000AF0F32 /* LJBaseViewController.swift in Sources */,
				013114CD24CA926600B5C969 /* UserModel.swift in Sources */,
				01895D6E24D018EF001551C7 /* LJImageTextViewController.swift in Sources */,
				018DBD3824ED1B4C0011D017 /* PronunciationSegmentView.swift in Sources */,
				01895D6C24D00532001551C7 /* ReviewWordsViewController.swift in Sources */,
				0182A89F24C5743000D691A3 /* LJMainTableColVCell.swift in Sources */,
				017EC2E524BC3E29003364D5 /* LJMainCollectionViewCell.swift in Sources */,
				018DBD3A24ED24100011D017 /* PronunciationPreviewView.swift in Sources */,
				0135EC8B24761F4000AF0F32 /* LJMainViewController.swift in Sources */,
				0180B80524D416AE00128A5D /* MineViewController.swift in Sources */,
				0104ED6424E438A100162FDE /* LJAlertViewController.swift in Sources */,
				0182A8A124C6921B00D691A3 /* LJPushTransitionAnimator.swift in Sources */,
				017EC2D824B454C2003364D5 /* UIViewEx.swift in Sources */,
				0182A8A524C6C94000D691A3 /* LJPopTransitionAnimator.swift in Sources */,
				017EC2DA24B5BE3B003364D5 /* LJMainTableFloatView.swift in Sources */,
				01958D7E24F258F5000D4593 /* WordsPreview.swift in Sources */,
				0104ED6624E51B3C00162FDE /* MineCollectionViewCell.swift in Sources */,
			);
			runOnlyForDeploymentPostprocessing = 0;
		};
/* End PBXSourcesBuildPhase section */

/* Begin PBXVariantGroup section */
		0174D9D2246BCA6300390CEF /* LaunchScreen.storyboard */ = {
			isa = PBXVariantGroup;
			children = (
				0174D9D3246BCA6300390CEF /* Base */,
			);
			name = LaunchScreen.storyboard;
			sourceTree = "<group>";
		};
/* End PBXVariantGroup section */

/* Begin XCBuildConfiguration section */
		0174D9D6246BCA6300390CEF /* Debug */ = {
			isa = XCBuildConfiguration;
			buildSettings = {
				ALWAYS_SEARCH_USER_PATHS = NO;
				CLANG_ANALYZER_NONNULL = YES;
				CLANG_ANALYZER_NUMBER_OBJECT_CONVERSION = YES_AGGRESSIVE;
				CLANG_CXX_LANGUAGE_STANDARD = "gnu++14";
				CLANG_CXX_LIBRARY = "libc++";
				CLANG_ENABLE_MODULES = YES;
				CLANG_ENABLE_OBJC_ARC = YES;
				CLANG_ENABLE_OBJC_WEAK = YES;
				CLANG_WARN_BLOCK_CAPTURE_AUTORELEASING = YES;
				CLANG_WARN_BOOL_CONVERSION = YES;
				CLANG_WARN_COMMA = YES;
				CLANG_WARN_CONSTANT_CONVERSION = YES;
				CLANG_WARN_DEPRECATED_OBJC_IMPLEMENTATIONS = YES;
				CLANG_WARN_DIRECT_OBJC_ISA_USAGE = YES_ERROR;
				CLANG_WARN_DOCUMENTATION_COMMENTS = YES;
				CLANG_WARN_EMPTY_BODY = YES;
				CLANG_WARN_ENUM_CONVERSION = YES;
				CLANG_WARN_INFINITE_RECURSION = YES;
				CLANG_WARN_INT_CONVERSION = YES;
				CLANG_WARN_NON_LITERAL_NULL_CONVERSION = YES;
				CLANG_WARN_OBJC_IMPLICIT_RETAIN_SELF = YES;
				CLANG_WARN_OBJC_LITERAL_CONVERSION = YES;
				CLANG_WARN_OBJC_ROOT_CLASS = YES_ERROR;
				CLANG_WARN_RANGE_LOOP_ANALYSIS = YES;
				CLANG_WARN_STRICT_PROTOTYPES = YES;
				CLANG_WARN_SUSPICIOUS_MOVE = YES;
				CLANG_WARN_UNGUARDED_AVAILABILITY = YES_AGGRESSIVE;
				CLANG_WARN_UNREACHABLE_CODE = YES;
				CLANG_WARN__DUPLICATE_METHOD_MATCH = YES;
				COPY_PHASE_STRIP = NO;
				DEBUG_INFORMATION_FORMAT = dwarf;
				ENABLE_STRICT_OBJC_MSGSEND = YES;
				ENABLE_TESTABILITY = YES;
				GCC_C_LANGUAGE_STANDARD = gnu11;
				GCC_DYNAMIC_NO_PIC = NO;
				GCC_NO_COMMON_BLOCKS = YES;
				GCC_OPTIMIZATION_LEVEL = 0;
				GCC_PREPROCESSOR_DEFINITIONS = (
					"DEBUG=1",
					"$(inherited)",
				);
				GCC_WARN_64_TO_32_BIT_CONVERSION = YES;
				GCC_WARN_ABOUT_RETURN_TYPE = YES_ERROR;
				GCC_WARN_UNDECLARED_SELECTOR = YES;
				GCC_WARN_UNINITIALIZED_AUTOS = YES_AGGRESSIVE;
				GCC_WARN_UNUSED_FUNCTION = YES;
				GCC_WARN_UNUSED_VARIABLE = YES;
				IPHONEOS_DEPLOYMENT_TARGET = 13.4;
				MTL_ENABLE_DEBUG_INFO = INCLUDE_SOURCE;
				MTL_FAST_MATH = YES;
				ONLY_ACTIVE_ARCH = YES;
				SDKROOT = iphoneos;
				SWIFT_ACTIVE_COMPILATION_CONDITIONS = DEBUG;
				SWIFT_OPTIMIZATION_LEVEL = "-Onone";
			};
			name = Debug;
		};
		0174D9D7246BCA6300390CEF /* Release */ = {
			isa = XCBuildConfiguration;
			buildSettings = {
				ALWAYS_SEARCH_USER_PATHS = NO;
				CLANG_ANALYZER_NONNULL = YES;
				CLANG_ANALYZER_NUMBER_OBJECT_CONVERSION = YES_AGGRESSIVE;
				CLANG_CXX_LANGUAGE_STANDARD = "gnu++14";
				CLANG_CXX_LIBRARY = "libc++";
				CLANG_ENABLE_MODULES = YES;
				CLANG_ENABLE_OBJC_ARC = YES;
				CLANG_ENABLE_OBJC_WEAK = YES;
				CLANG_WARN_BLOCK_CAPTURE_AUTORELEASING = YES;
				CLANG_WARN_BOOL_CONVERSION = YES;
				CLANG_WARN_COMMA = YES;
				CLANG_WARN_CONSTANT_CONVERSION = YES;
				CLANG_WARN_DEPRECATED_OBJC_IMPLEMENTATIONS = YES;
				CLANG_WARN_DIRECT_OBJC_ISA_USAGE = YES_ERROR;
				CLANG_WARN_DOCUMENTATION_COMMENTS = YES;
				CLANG_WARN_EMPTY_BODY = YES;
				CLANG_WARN_ENUM_CONVERSION = YES;
				CLANG_WARN_INFINITE_RECURSION = YES;
				CLANG_WARN_INT_CONVERSION = YES;
				CLANG_WARN_NON_LITERAL_NULL_CONVERSION = YES;
				CLANG_WARN_OBJC_IMPLICIT_RETAIN_SELF = YES;
				CLANG_WARN_OBJC_LITERAL_CONVERSION = YES;
				CLANG_WARN_OBJC_ROOT_CLASS = YES_ERROR;
				CLANG_WARN_RANGE_LOOP_ANALYSIS = YES;
				CLANG_WARN_STRICT_PROTOTYPES = YES;
				CLANG_WARN_SUSPICIOUS_MOVE = YES;
				CLANG_WARN_UNGUARDED_AVAILABILITY = YES_AGGRESSIVE;
				CLANG_WARN_UNREACHABLE_CODE = YES;
				CLANG_WARN__DUPLICATE_METHOD_MATCH = YES;
				COPY_PHASE_STRIP = NO;
				DEBUG_INFORMATION_FORMAT = "dwarf-with-dsym";
				ENABLE_NS_ASSERTIONS = NO;
				ENABLE_STRICT_OBJC_MSGSEND = YES;
				GCC_C_LANGUAGE_STANDARD = gnu11;
				GCC_NO_COMMON_BLOCKS = YES;
				GCC_WARN_64_TO_32_BIT_CONVERSION = YES;
				GCC_WARN_ABOUT_RETURN_TYPE = YES_ERROR;
				GCC_WARN_UNDECLARED_SELECTOR = YES;
				GCC_WARN_UNINITIALIZED_AUTOS = YES_AGGRESSIVE;
				GCC_WARN_UNUSED_FUNCTION = YES;
				GCC_WARN_UNUSED_VARIABLE = YES;
				IPHONEOS_DEPLOYMENT_TARGET = 13.4;
				MTL_ENABLE_DEBUG_INFO = NO;
				MTL_FAST_MATH = YES;
				SDKROOT = iphoneos;
				SWIFT_COMPILATION_MODE = wholemodule;
				SWIFT_OPTIMIZATION_LEVEL = "-O";
				VALIDATE_PRODUCT = YES;
			};
			name = Release;
		};
		0174D9D9246BCA6300390CEF /* Debug */ = {
			isa = XCBuildConfiguration;
			baseConfigurationReference = 0F107955AFD77AC2F031B008 /* Pods-LearnJapanese.debug.xcconfig */;
			buildSettings = {
				ASSETCATALOG_COMPILER_APPICON_NAME = AppIcon;
				CODE_SIGN_IDENTITY = "Apple Development";
				CODE_SIGN_STYLE = Automatic;
				DEVELOPMENT_TEAM = 9RDTB937LX;
				INFOPLIST_FILE = LearnJapanese/Info.plist;
				IPHONEOS_DEPLOYMENT_TARGET = 11.0;
				LD_RUNPATH_SEARCH_PATHS = (
					"$(inherited)",
					"@executable_path/Frameworks",
				);
				PRODUCT_BUNDLE_IDENTIFIER = lavanille.LearnJapanese;
				PRODUCT_NAME = "$(TARGET_NAME)";
				PROVISIONING_PROFILE_SPECIFIER = "";
				SWIFT_VERSION = 5.0;
				TARGETED_DEVICE_FAMILY = 1;
			};
			name = Debug;
		};
		0174D9DA246BCA6300390CEF /* Release */ = {
			isa = XCBuildConfiguration;
			baseConfigurationReference = 3B6A328D17325D63333C25C6 /* Pods-LearnJapanese.release.xcconfig */;
			buildSettings = {
				ASSETCATALOG_COMPILER_APPICON_NAME = AppIcon;
				CODE_SIGN_IDENTITY = "Apple Development";
				CODE_SIGN_STYLE = Manual;
				DEVELOPMENT_TEAM = "";
				INFOPLIST_FILE = LearnJapanese/Info.plist;
				IPHONEOS_DEPLOYMENT_TARGET = 11.0;
				LD_RUNPATH_SEARCH_PATHS = (
					"$(inherited)",
					"@executable_path/Frameworks",
				);
				PRODUCT_BUNDLE_IDENTIFIER = lavanille.LearnJapanese1;
				PRODUCT_NAME = "$(TARGET_NAME)";
				PROVISIONING_PROFILE_SPECIFIER = "";
				SWIFT_VERSION = 5.0;
				TARGETED_DEVICE_FAMILY = 1;
			};
			name = Release;
		};
/* End XCBuildConfiguration section */

/* Begin XCConfigurationList section */
		0174D9BF246BCA6000390CEF /* Build configuration list for PBXProject "LearnJapanese" */ = {
			isa = XCConfigurationList;
			buildConfigurations = (
				0174D9D6246BCA6300390CEF /* Debug */,
				0174D9D7246BCA6300390CEF /* Release */,
			);
			defaultConfigurationIsVisible = 0;
			defaultConfigurationName = Release;
		};
		0174D9D8246BCA6300390CEF /* Build configuration list for PBXNativeTarget "LearnJapanese" */ = {
			isa = XCConfigurationList;
			buildConfigurations = (
				0174D9D9246BCA6300390CEF /* Debug */,
				0174D9DA246BCA6300390CEF /* Release */,
			);
			defaultConfigurationIsVisible = 0;
			defaultConfigurationName = Release;
		};
/* End XCConfigurationList section */
	};
	rootObject = 0174D9BC246BCA6000390CEF /* Project object */;
}
